# THIS IS AN AUTOGENERATED FILE. DO NOT EDIT THIS FILE DIRECTLY.
# yarn lockfile v1


wetcht-axios-sdk@^1.0.5:
  version "1.0.5"
  resolved "https://registry.yarnpkg.com/wetcht-axios-sdk/-/wetcht-axios-sdk-1.0.5.tgz#0071aafc7970f77884cbab3fbe0902d02b3131c7"
  integrity sha512-TrkdpTHeM+pNNbrigj6hcidKieFBv9vyvCXKpApil7huA1anqNwseDlqCNeQOMdMDFqjMrVPJZjSaQbp3WOr2w==
